// !$*UTF8*$!
{
	archiveVersion = 1;
	classes = {
	};
	objectVersion = 77;
	objects = {

/* Begin PBXBuildFile section */
		08100D9A2CDE0405008B5E45 /* FirebaseService.swift in Sources */ = {isa = PBXBuildFile; fileRef = 08100D992CDE0403008B5E45 /* FirebaseService.swift */; };
		08100DA02CDE0FAF008B5E45 /* HomeViewController.swift in Sources */ = {isa = PBXBuildFile; fileRef = 08100D9F2CDE0FAF008B5E45 /* HomeViewController.swift */; };
		08100DA22CDE0FBB008B5E45 /* HomeViewModel.swift in Sources */ = {isa = PBXBuildFile; fileRef = 08100DA12CDE0FB8008B5E45 /* HomeViewModel.swift */; };
		08100DA52CDE10BC008B5E45 /* FontGenerator.swift in Sources */ = {isa = PBXBuildFile; fileRef = 08100DA42CDE10BA008B5E45 /* FontGenerator.swift */; };
		08100DA92CDE10E8008B5E45 /* Enums.swift in Sources */ = {isa = PBXBuildFile; fileRef = 08100DA82CDE10E6008B5E45 /* Enums.swift */; };
		08100DAB2CDE11DB008B5E45 /* Extension+UILabel.swift in Sources */ = {isa = PBXBuildFile; fileRef = 08100DAA2CDE11D7008B5E45 /* Extension+UILabel.swift */; };
		08100DAE2CDE1813008B5E45 /* DrukWide-Bold.otf in Resources */ = {isa = PBXBuildFile; fileRef = 08100DAD2CDE1813008B5E45 /* DrukWide-Bold.otf */; };
		08100DAF2CDE1813008B5E45 /* DrukTextWide-Bold.otf in Resources */ = {isa = PBXBuildFile; fileRef = 08100DAC2CDE1813008B5E45 /* DrukTextWide-Bold.otf */; };
		08100DB12CDE18C0008B5E45 /* Extension+UIColor.swift in Sources */ = {isa = PBXBuildFile; fileRef = 08100DB02CDE18BC008B5E45 /* Extension+UIColor.swift */; };
		08100DB32CDE1B24008B5E45 /* Extension+UIView.swift in Sources */ = {isa = PBXBuildFile; fileRef = 08100DB22CDE1B1D008B5E45 /* Extension+UIView.swift */; };
		08100DB72CDE1CD0008B5E45 /* LoadingIcon.swift in Sources */ = {isa = PBXBuildFile; fileRef = 08100DB62CDE1CCE008B5E45 /* LoadingIcon.swift */; };
		082A00CB2CDDF8DA00B789ED /* Assets.xcassets in Resources */ = {isa = PBXBuildFile; fileRef = 082A00C22CDDF8DA00B789ED /* Assets.xcassets */; };
		082A00CD2CDDF8DA00B789ED /* LaunchScreen.storyboard in Resources */ = {isa = PBXBuildFile; fileRef = 082A00C52CDDF8DA00B789ED /* LaunchScreen.storyboard */; };
		082A00CF2CDDF8DA00B789ED /* AppDelegate.swift in Sources */ = {isa = PBXBuildFile; fileRef = 082A00C12CDDF8DA00B789ED /* AppDelegate.swift */; };
		082A00D62CDDFAC200B789ED /* GoogleService-Info.plist in Resources */ = {isa = PBXBuildFile; fileRef = 082A00D52CDDFAC200B789ED /* GoogleService-Info.plist */; };
		082A00D92CDDFC4300B789ED /* FirebaseAnalytics in Frameworks */ = {isa = PBXBuildFile; productRef = 082A00D82CDDFC4300B789ED /* FirebaseAnalytics */; };
		082A00DB2CDDFC4300B789ED /* FirebaseAuth in Frameworks */ = {isa = PBXBuildFile; productRef = 082A00DA2CDDFC4300B789ED /* FirebaseAuth */; };
		082A00DD2CDDFC4300B789ED /* FirebaseCore in Frameworks */ = {isa = PBXBuildFile; productRef = 082A00DC2CDDFC4300B789ED /* FirebaseCore */; };
		082A00DF2CDDFC4300B789ED /* FirebaseCrashlytics in Frameworks */ = {isa = PBXBuildFile; productRef = 082A00DE2CDDFC4300B789ED /* FirebaseCrashlytics */; };
		082A00E12CDDFC4300B789ED /* FirebaseDatabase in Frameworks */ = {isa = PBXBuildFile; productRef = 082A00E02CDDFC4300B789ED /* FirebaseDatabase */; };
		082A00E32CDDFC4300B789ED /* FirebaseFirestore in Frameworks */ = {isa = PBXBuildFile; productRef = 082A00E22CDDFC4300B789ED /* FirebaseFirestore */; };
		082A00E52CDDFC4300B789ED /* FirebaseMessaging in Frameworks */ = {isa = PBXBuildFile; productRef = 082A00E42CDDFC4300B789ED /* FirebaseMessaging */; };
		082A00E72CDDFC4300B789ED /* FirebasePerformance in Frameworks */ = {isa = PBXBuildFile; productRef = 082A00E62CDDFC4300B789ED /* FirebasePerformance */; };
		082A00E92CDDFC4300B789ED /* FirebaseRemoteConfig in Frameworks */ = {isa = PBXBuildFile; productRef = 082A00E82CDDFC4300B789ED /* FirebaseRemoteConfig */; };
		082A00EB2CDDFC4300B789ED /* FirebaseStorage in Frameworks */ = {isa = PBXBuildFile; productRef = 082A00EA2CDDFC4300B789ED /* FirebaseStorage */; };
		082A00EF2CDDFE1A00B789ED /* Extension+UIViewController.swift in Sources */ = {isa = PBXBuildFile; fileRef = 082A00EE2CDDFE1300B789ED /* Extension+UIViewController.swift */; };
		082A00F52CDDFE7200B789ED /* SplashViewController.swift in Sources */ = {isa = PBXBuildFile; fileRef = 082A00F42CDDFE7200B789ED /* SplashViewController.swift */; };
		082A00F72CDDFE8800B789ED /* SplashViewModel.swift in Sources */ = {isa = PBXBuildFile; fileRef = 082A00F62CDDFE8500B789ED /* SplashViewModel.swift */; };
		082A00FA2CDDFFEC00B789ED /* SnapKit in Frameworks */ = {isa = PBXBuildFile; productRef = 082A00F92CDDFFEC00B789ED /* SnapKit */; };
		082A00FF2CDE00D100B789ED /* NetworkMonitor.swift in Sources */ = {isa = PBXBuildFile; fileRef = 082A00FE2CDE00CC00B789ED /* NetworkMonitor.swift */; };
		082A01022CDE00F200B789ED /* Globals.swift in Sources */ = {isa = PBXBuildFile; fileRef = 082A01012CDE00F000B789ED /* Globals.swift */; };
		0842C2972CDE2D660060DDFA /* Extension+CACornerMask.swift in Sources */ = {isa = PBXBuildFile; fileRef = 0842C2962CDE2D5D0060DDFA /* Extension+CACornerMask.swift */; };
		0842C2992CDE2EB40060DDFA /* Extension+CGPoint.swift in Sources */ = {isa = PBXBuildFile; fileRef = 0842C2982CDE2EAF0060DDFA /* Extension+CGPoint.swift */; };
		0842C29B2CDE2F870060DDFA /* Extension+UIButton.swift in Sources */ = {isa = PBXBuildFile; fileRef = 0842C29A2CDE2F840060DDFA /* Extension+UIButton.swift */; };
		0842C29E2CDE30C50060DDFA /* SF-Pro.ttf in Resources */ = {isa = PBXBuildFile; fileRef = 0842C29C2CDE30C50060DDFA /* SF-Pro.ttf */; };
		0842C2A12CDE31B80060DDFA /* Extension+Notification.Name.swift in Sources */ = {isa = PBXBuildFile; fileRef = 0842C2A02CDE31B10060DDFA /* Extension+Notification.Name.swift */; };
		0842C2A32CDE34960060DDFA /* MovieService.swift in Sources */ = {isa = PBXBuildFile; fileRef = 0842C2A22CDE34910060DDFA /* MovieService.swift */; };
		0842C2A62CDE35D90060DDFA /* ServiceModels.swift in Sources */ = {isa = PBXBuildFile; fileRef = 0842C2A52CDE35D70060DDFA /* ServiceModels.swift */; };
		0842C2A92CDE38B40060DDFA /* Alamofire in Frameworks */ = {isa = PBXBuildFile; productRef = 0842C2A82CDE38B40060DDFA /* Alamofire */; };
		0842C2AB2CDE4A560060DDFA /* Extension+UICollectionView.swift in Sources */ = {isa = PBXBuildFile; fileRef = 0842C2AA2CDE4A520060DDFA /* Extension+UICollectionView.swift */; };
		0842C2B02CDE4AC50060DDFA /* MovieCollectionViewCell.swift in Sources */ = {isa = PBXBuildFile; fileRef = 0842C2AF2CDE4AC50060DDFA /* MovieCollectionViewCell.swift */; };
		0842C2B32CDE4AFD0060DDFA /* MovieDataSource.swift in Sources */ = {isa = PBXBuildFile; fileRef = 0842C2B22CDE4AFA0060DDFA /* MovieDataSource.swift */; };
		0842C2B62CDE525F0060DDFA /* SDWebImage in Frameworks */ = {isa = PBXBuildFile; productRef = 0842C2B52CDE525F0060DDFA /* SDWebImage */; };
		0842C2B82CDE526C0060DDFA /* Extension+UIImageView.swift in Sources */ = {isa = PBXBuildFile; fileRef = 0842C2B72CDE52680060DDFA /* Extension+UIImageView.swift */; };
/* End PBXBuildFile section */

/* Begin PBXFileReference section */
		08100D992CDE0403008B5E45 /* FirebaseService.swift */ = {isa = PBXFileReference; lastKnownFileType = sourcecode.swift; path = FirebaseService.swift; sourceTree = "<group>"; };
		08100D9F2CDE0FAF008B5E45 /* HomeViewController.swift */ = {isa = PBXFileReference; lastKnownFileType = sourcecode.swift; path = HomeViewController.swift; sourceTree = "<group>"; };
		08100DA12CDE0FB8008B5E45 /* HomeViewModel.swift */ = {isa = PBXFileReference; lastKnownFileType = sourcecode.swift; path = HomeViewModel.swift; sourceTree = "<group>"; };
		08100DA42CDE10BA008B5E45 /* FontGenerator.swift */ = {isa = PBXFileReference; lastKnownFileType = sourcecode.swift; path = FontGenerator.swift; sourceTree = "<group>"; };
		08100DA82CDE10E6008B5E45 /* Enums.swift */ = {isa = PBXFileReference; lastKnownFileType = sourcecode.swift; path = Enums.swift; sourceTree = "<group>"; };
		08100DAA2CDE11D7008B5E45 /* Extension+UILabel.swift */ = {isa = PBXFileReference; lastKnownFileType = sourcecode.swift; path = "Extension+UILabel.swift"; sourceTree = "<group>"; };
		08100DAC2CDE1813008B5E45 /* DrukTextWide-Bold.otf */ = {isa = PBXFileReference; lastKnownFileType = file; path = "DrukTextWide-Bold.otf"; sourceTree = "<group>"; };
		08100DAD2CDE1813008B5E45 /* DrukWide-Bold.otf */ = {isa = PBXFileReference; lastKnownFileType = file; path = "DrukWide-Bold.otf"; sourceTree = "<group>"; };
		08100DB02CDE18BC008B5E45 /* Extension+UIColor.swift */ = {isa = PBXFileReference; lastKnownFileType = sourcecode.swift; path = "Extension+UIColor.swift"; sourceTree = "<group>"; };
		08100DB22CDE1B1D008B5E45 /* Extension+UIView.swift */ = {isa = PBXFileReference; lastKnownFileType = sourcecode.swift; path = "Extension+UIView.swift"; sourceTree = "<group>"; };
		08100DB62CDE1CCE008B5E45 /* LoadingIcon.swift */ = {isa = PBXFileReference; lastKnownFileType = sourcecode.swift; path = LoadingIcon.swift; sourceTree = "<group>"; };
		082A00C12CDDF8DA00B789ED /* AppDelegate.swift */ = {isa = PBXFileReference; lastKnownFileType = sourcecode.swift; path = AppDelegate.swift; sourceTree = "<group>"; };
		082A00C22CDDF8DA00B789ED /* Assets.xcassets */ = {isa = PBXFileReference; lastKnownFileType = folder.assetcatalog; path = Assets.xcassets; sourceTree = "<group>"; };
		082A00C32CDDF8DA00B789ED /* Info.plist */ = {isa = PBXFileReference; lastKnownFileType = text.plist.xml; path = Info.plist; sourceTree = "<group>"; };
		082A00C42CDDF8DA00B789ED /* Base */ = {isa = PBXFileReference; lastKnownFileType = file.storyboard; name = Base; path = Base.lproj/LaunchScreen.storyboard; sourceTree = "<group>"; };
		082A00D52CDDFAC200B789ED /* GoogleService-Info.plist */ = {isa = PBXFileReference; lastKnownFileType = text.plist.xml; path = "GoogleService-Info.plist"; sourceTree = "<group>"; };
		082A00EE2CDDFE1300B789ED /* Extension+UIViewController.swift */ = {isa = PBXFileReference; lastKnownFileType = sourcecode.swift; path = "Extension+UIViewController.swift"; sourceTree = "<group>"; };
		082A00F42CDDFE7200B789ED /* SplashViewController.swift */ = {isa = PBXFileReference; lastKnownFileType = sourcecode.swift; path = SplashViewController.swift; sourceTree = "<group>"; };
		082A00F62CDDFE8500B789ED /* SplashViewModel.swift */ = {isa = PBXFileReference; lastKnownFileType = sourcecode.swift; path = SplashViewModel.swift; sourceTree = "<group>"; };
		082A00FE2CDE00CC00B789ED /* NetworkMonitor.swift */ = {isa = PBXFileReference; lastKnownFileType = sourcecode.swift; path = NetworkMonitor.swift; sourceTree = "<group>"; };
		082A01012CDE00F000B789ED /* Globals.swift */ = {isa = PBXFileReference; lastKnownFileType = sourcecode.swift; path = Globals.swift; sourceTree = "<group>"; };
		0842C2962CDE2D5D0060DDFA /* Extension+CACornerMask.swift */ = {isa = PBXFileReference; lastKnownFileType = sourcecode.swift; path = "Extension+CACornerMask.swift"; sourceTree = "<group>"; };
		0842C2982CDE2EAF0060DDFA /* Extension+CGPoint.swift */ = {isa = PBXFileReference; lastKnownFileType = sourcecode.swift; path = "Extension+CGPoint.swift"; sourceTree = "<group>"; };
		0842C29A2CDE2F840060DDFA /* Extension+UIButton.swift */ = {isa = PBXFileReference; lastKnownFileType = sourcecode.swift; path = "Extension+UIButton.swift"; sourceTree = "<group>"; };
		0842C29C2CDE30C50060DDFA /* SF-Pro.ttf */ = {isa = PBXFileReference; lastKnownFileType = file; path = "SF-Pro.ttf"; sourceTree = "<group>"; };
		0842C2A02CDE31B10060DDFA /* Extension+Notification.Name.swift */ = {isa = PBXFileReference; lastKnownFileType = sourcecode.swift; path = "Extension+Notification.Name.swift"; sourceTree = "<group>"; };
		0842C2A22CDE34910060DDFA /* MovieService.swift */ = {isa = PBXFileReference; lastKnownFileType = sourcecode.swift; path = MovieService.swift; sourceTree = "<group>"; };
		0842C2A52CDE35D70060DDFA /* ServiceModels.swift */ = {isa = PBXFileReference; lastKnownFileType = sourcecode.swift; path = ServiceModels.swift; sourceTree = "<group>"; };
		0842C2AA2CDE4A520060DDFA /* Extension+UICollectionView.swift */ = {isa = PBXFileReference; lastKnownFileType = sourcecode.swift; path = "Extension+UICollectionView.swift"; sourceTree = "<group>"; };
		0842C2AF2CDE4AC50060DDFA /* MovieCollectionViewCell.swift */ = {isa = PBXFileReference; lastKnownFileType = sourcecode.swift; path = MovieCollectionViewCell.swift; sourceTree = "<group>"; };
		0842C2B22CDE4AFA0060DDFA /* MovieDataSource.swift */ = {isa = PBXFileReference; lastKnownFileType = sourcecode.swift; path = MovieDataSource.swift; sourceTree = "<group>"; };
		0842C2B72CDE52680060DDFA /* Extension+UIImageView.swift */ = {isa = PBXFileReference; lastKnownFileType = sourcecode.swift; path = "Extension+UIImageView.swift"; sourceTree = "<group>"; };
		08E18EFE2CDDF634009CE090 /* LoodosChallenge.app */ = {isa = PBXFileReference; explicitFileType = wrapper.application; includeInIndex = 0; path = LoodosChallenge.app; sourceTree = BUILT_PRODUCTS_DIR; };
/* End PBXFileReference section */

/* Begin PBXFrameworksBuildPhase section */
		08E18EFB2CDDF634009CE090 /* Frameworks */ = {
			isa = PBXFrameworksBuildPhase;
			buildActionMask = 2147483647;
			files = (
				082A00E92CDDFC4300B789ED /* FirebaseRemoteConfig in Frameworks */,
				082A00E12CDDFC4300B789ED /* FirebaseDatabase in Frameworks */,
				082A00D92CDDFC4300B789ED /* FirebaseAnalytics in Frameworks */,
				082A00EB2CDDFC4300B789ED /* FirebaseStorage in Frameworks */,
				082A00E52CDDFC4300B789ED /* FirebaseMessaging in Frameworks */,
				082A00DF2CDDFC4300B789ED /* FirebaseCrashlytics in Frameworks */,
				082A00DD2CDDFC4300B789ED /* FirebaseCore in Frameworks */,
				082A00DB2CDDFC4300B789ED /* FirebaseAuth in Frameworks */,
				082A00E72CDDFC4300B789ED /* FirebasePerformance in Frameworks */,
				0842C2A92CDE38B40060DDFA /* Alamofire in Frameworks */,
				0842C2B62CDE525F0060DDFA /* SDWebImage in Frameworks */,
				082A00E32CDDFC4300B789ED /* FirebaseFirestore in Frameworks */,
				082A00FA2CDDFFEC00B789ED /* SnapKit in Frameworks */,
			);
			runOnlyForDeploymentPostprocessing = 0;
		};
/* End PBXFrameworksBuildPhase section */

/* Begin PBXGroup section */
		08100D9B2CDE0F8B008B5E45 /* Home */ = {
			isa = PBXGroup;
			children = (
				0842C2B12CDE4AF00060DDFA /* DataSource */,
				0842C2AC2CDE4A980060DDFA /* Views */,
				08100D9D2CDE0FA1008B5E45 /* ViewModel */,
				08100D9C2CDE0F9C008B5E45 /* ViewController */,
			);
			path = Home;
			sourceTree = "<group>";
		};
		08100D9C2CDE0F9C008B5E45 /* ViewController */ = {
			isa = PBXGroup;
			children = (
				08100D9F2CDE0FAF008B5E45 /* HomeViewController.swift */,
			);
			path = ViewController;
			sourceTree = "<group>";
		};
		08100D9D2CDE0FA1008B5E45 /* ViewModel */ = {
			isa = PBXGroup;
			children = (
				08100DA12CDE0FB8008B5E45 /* HomeViewModel.swift */,
			);
			path = ViewModel;
			sourceTree = "<group>";
		};
		08100DA32CDE10B6008B5E45 /* FontGenerator */ = {
			isa = PBXGroup;
			children = (
				08100DA62CDE10C1008B5E45 /* SupportedFonts */,
				08100DA42CDE10BA008B5E45 /* FontGenerator.swift */,
			);
			path = FontGenerator;
			sourceTree = "<group>";
		};
		08100DA62CDE10C1008B5E45 /* SupportedFonts */ = {
			isa = PBXGroup;
			children = (
				08100DAC2CDE1813008B5E45 /* DrukTextWide-Bold.otf */,
				08100DAD2CDE1813008B5E45 /* DrukWide-Bold.otf */,
				0842C29C2CDE30C50060DDFA /* SF-Pro.ttf */,
			);
			path = SupportedFonts;
			sourceTree = "<group>";
		};
		08100DA72CDE10E2008B5E45 /* Enums */ = {
			isa = PBXGroup;
			children = (
				08100DA82CDE10E6008B5E45 /* Enums.swift */,
			);
			path = Enums;
			sourceTree = "<group>";
		};
		08100DB42CDE1CB7008B5E45 /* Views */ = {
			isa = PBXGroup;
			children = (
				08100DB52CDE1CBE008B5E45 /* LoadingIcon */,
			);
			path = Views;
			sourceTree = "<group>";
		};
		08100DB52CDE1CBE008B5E45 /* LoadingIcon */ = {
			isa = PBXGroup;
			children = (
				08100DB62CDE1CCE008B5E45 /* LoadingIcon.swift */,
			);
			path = LoadingIcon;
			sourceTree = "<group>";
		};
		082A00CA2CDDF8DA00B789ED /* LoodosChallenge */ = {
			isa = PBXGroup;
			children = (
				082A00FD2CDE00C600B789ED /* Services */,
				082A00EC2CDDFE0600B789ED /* SupportFiles */,
				082A00F02CDDFE2F00B789ED /* Screens */,
				082A00D42CDDF96300B789ED /* AppDelegate */,
				082A00C32CDDF8DA00B789ED /* Info.plist */,
				082A00D52CDDFAC200B789ED /* GoogleService-Info.plist */,
				082A00C52CDDF8DA00B789ED /* LaunchScreen.storyboard */,
			);
			path = LoodosChallenge;
			sourceTree = "<group>";
		};
		082A00D22CDDF95600B789ED /* Resources */ = {
			isa = PBXGroup;
			children = (
				082A00D32CDDF95B00B789ED /* Assets */,
			);
			path = Resources;
			sourceTree = "<group>";
		};
		082A00D32CDDF95B00B789ED /* Assets */ = {
			isa = PBXGroup;
			children = (
				082A00C22CDDF8DA00B789ED /* Assets.xcassets */,
			);
			path = Assets;
			sourceTree = "<group>";
		};
		082A00D42CDDF96300B789ED /* AppDelegate */ = {
			isa = PBXGroup;
			children = (
				082A00C12CDDF8DA00B789ED /* AppDelegate.swift */,
			);
			path = AppDelegate;
			sourceTree = "<group>";
		};
		082A00EC2CDDFE0600B789ED /* SupportFiles */ = {
			isa = PBXGroup;
			children = (
				08100DA72CDE10E2008B5E45 /* Enums */,
				08100DA32CDE10B6008B5E45 /* FontGenerator */,
				082A01002CDE00EB00B789ED /* Globals */,
				082A00ED2CDDFE0E00B789ED /* Extensions */,
				082A00D22CDDF95600B789ED /* Resources */,
			);
			path = SupportFiles;
			sourceTree = "<group>";
		};
		082A00ED2CDDFE0E00B789ED /* Extensions */ = {
			isa = PBXGroup;
			children = (
				0842C2B72CDE52680060DDFA /* Extension+UIImageView.swift */,
				0842C2AA2CDE4A520060DDFA /* Extension+UICollectionView.swift */,
				0842C2A02CDE31B10060DDFA /* Extension+Notification.Name.swift */,
				0842C29A2CDE2F840060DDFA /* Extension+UIButton.swift */,
				0842C2982CDE2EAF0060DDFA /* Extension+CGPoint.swift */,
				0842C2962CDE2D5D0060DDFA /* Extension+CACornerMask.swift */,
				08100DB22CDE1B1D008B5E45 /* Extension+UIView.swift */,
				08100DB02CDE18BC008B5E45 /* Extension+UIColor.swift */,
				08100DAA2CDE11D7008B5E45 /* Extension+UILabel.swift */,
				082A00EE2CDDFE1300B789ED /* Extension+UIViewController.swift */,
			);
			path = Extensions;
			sourceTree = "<group>";
		};
		082A00F02CDDFE2F00B789ED /* Screens */ = {
			isa = PBXGroup;
			children = (
				082A00F12CDDFE3E00B789ED /* Splash */,
				08100D9B2CDE0F8B008B5E45 /* Home */,
			);
			path = Screens;
			sourceTree = "<group>";
		};
		082A00F12CDDFE3E00B789ED /* Splash */ = {
			isa = PBXGroup;
			children = (
				08100DB42CDE1CB7008B5E45 /* Views */,
				082A00F32CDDFE4E00B789ED /* ViewModel */,
				082A00F22CDDFE4700B789ED /* ViewController */,
			);
			path = Splash;
			sourceTree = "<group>";
		};
		082A00F22CDDFE4700B789ED /* ViewController */ = {
			isa = PBXGroup;
			children = (
				082A00F42CDDFE7200B789ED /* SplashViewController.swift */,
			);
			path = ViewController;
			sourceTree = "<group>";
		};
		082A00F32CDDFE4E00B789ED /* ViewModel */ = {
			isa = PBXGroup;
			children = (
				082A00F62CDDFE8500B789ED /* SplashViewModel.swift */,
			);
			path = ViewModel;
			sourceTree = "<group>";
		};
		082A00FD2CDE00C600B789ED /* Services */ = {
			isa = PBXGroup;
			children = (
				0842C2A42CDE35D00060DDFA /* Models */,
				0842C2A22CDE34910060DDFA /* MovieService.swift */,
				08100D992CDE0403008B5E45 /* FirebaseService.swift */,
				082A00FE2CDE00CC00B789ED /* NetworkMonitor.swift */,
			);
			path = Services;
			sourceTree = "<group>";
		};
		082A01002CDE00EB00B789ED /* Globals */ = {
			isa = PBXGroup;
			children = (
				082A01012CDE00F000B789ED /* Globals.swift */,
			);
			path = Globals;
			sourceTree = "<group>";
		};
		0842C2A42CDE35D00060DDFA /* Models */ = {
			isa = PBXGroup;
			children = (
				0842C2A52CDE35D70060DDFA /* ServiceModels.swift */,
			);
			path = Models;
			sourceTree = "<group>";
		};
		0842C2AC2CDE4A980060DDFA /* Views */ = {
			isa = PBXGroup;
			children = (
				0842C2AD2CDE4A9E0060DDFA /* MovieCell */,
			);
			path = Views;
			sourceTree = "<group>";
		};
		0842C2AD2CDE4A9E0060DDFA /* MovieCell */ = {
			isa = PBXGroup;
			children = (
				0842C2AF2CDE4AC50060DDFA /* MovieCollectionViewCell.swift */,
			);
			path = MovieCell;
			sourceTree = "<group>";
		};
		0842C2B12CDE4AF00060DDFA /* DataSource */ = {
			isa = PBXGroup;
			children = (
				0842C2B22CDE4AFA0060DDFA /* MovieDataSource.swift */,
			);
			path = DataSource;
			sourceTree = "<group>";
		};
		08E18EF52CDDF634009CE090 = {
			isa = PBXGroup;
			children = (
				082A00CA2CDDF8DA00B789ED /* LoodosChallenge */,
				08E18EFF2CDDF634009CE090 /* Products */,
			);
			sourceTree = "<group>";
		};
		08E18EFF2CDDF634009CE090 /* Products */ = {
			isa = PBXGroup;
			children = (
				08E18EFE2CDDF634009CE090 /* LoodosChallenge.app */,
			);
			name = Products;
			sourceTree = "<group>";
		};
/* End PBXGroup section */

/* Begin PBXNativeTarget section */
		08E18EFD2CDDF634009CE090 /* LoodosChallenge */ = {
			isa = PBXNativeTarget;
			buildConfigurationList = 08E18F112CDDF635009CE090 /* Build configuration list for PBXNativeTarget "LoodosChallenge" */;
			buildPhases = (
				08E18EFA2CDDF634009CE090 /* Sources */,
				08E18EFB2CDDF634009CE090 /* Frameworks */,
				08E18EFC2CDDF634009CE090 /* Resources */,
			);
			buildRules = (
			);
			dependencies = (
			);
			name = LoodosChallenge;
			packageProductDependencies = (
				082A00D82CDDFC4300B789ED /* FirebaseAnalytics */,
				082A00DA2CDDFC4300B789ED /* FirebaseAuth */,
				082A00DC2CDDFC4300B789ED /* FirebaseCore */,
				082A00DE2CDDFC4300B789ED /* FirebaseCrashlytics */,
				082A00E02CDDFC4300B789ED /* FirebaseDatabase */,
				082A00E22CDDFC4300B789ED /* FirebaseFirestore */,
				082A00E42CDDFC4300B789ED /* FirebaseMessaging */,
				082A00E62CDDFC4300B789ED /* FirebasePerformance */,
				082A00E82CDDFC4300B789ED /* FirebaseRemoteConfig */,
				082A00EA2CDDFC4300B789ED /* FirebaseStorage */,
				082A00F92CDDFFEC00B789ED /* SnapKit */,
				0842C2A82CDE38B40060DDFA /* Alamofire */,
				0842C2B52CDE525F0060DDFA /* SDWebImage */,
			);
			productName = LoodosChallenge;
			productReference = 08E18EFE2CDDF634009CE090 /* LoodosChallenge.app */;
			productType = "com.apple.product-type.application";
		};
/* End PBXNativeTarget section */

/* Begin PBXProject section */
		08E18EF62CDDF634009CE090 /* Project object */ = {
			isa = PBXProject;
			attributes = {
				BuildIndependentTargetsInParallel = 1;
				LastSwiftUpdateCheck = 1600;
				LastUpgradeCheck = 1600;
				TargetAttributes = {
					08E18EFD2CDDF634009CE090 = {
						CreatedOnToolsVersion = 16.0;
					};
				};
			};
			buildConfigurationList = 08E18EF92CDDF634009CE090 /* Build configuration list for PBXProject "LoodosChallenge" */;
			developmentRegion = en;
			hasScannedForEncodings = 0;
			knownRegions = (
				en,
				Base,
			);
			mainGroup = 08E18EF52CDDF634009CE090;
			minimizedProjectReferenceProxies = 1;
			packageReferences = (
				082A00D72CDDFC4300B789ED /* XCRemoteSwiftPackageReference "firebase-ios-sdk" */,
				082A00F82CDDFFEC00B789ED /* XCRemoteSwiftPackageReference "SnapKit" */,
				0842C2A72CDE38B40060DDFA /* XCRemoteSwiftPackageReference "Alamofire" */,
				0842C2B42CDE525F0060DDFA /* XCRemoteSwiftPackageReference "SDWebImage" */,
			);
			preferredProjectObjectVersion = 77;
			productRefGroup = 08E18EFF2CDDF634009CE090 /* Products */;
			projectDirPath = "";
			projectRoot = "";
			targets = (
				08E18EFD2CDDF634009CE090 /* LoodosChallenge */,
			);
		};
/* End PBXProject section */

/* Begin PBXResourcesBuildPhase section */
		08E18EFC2CDDF634009CE090 /* Resources */ = {
			isa = PBXResourcesBuildPhase;
			buildActionMask = 2147483647;
			files = (
				0842C29E2CDE30C50060DDFA /* SF-Pro.ttf in Resources */,
				082A00CB2CDDF8DA00B789ED /* Assets.xcassets in Resources */,
				082A00CD2CDDF8DA00B789ED /* LaunchScreen.storyboard in Resources */,
				082A00D62CDDFAC200B789ED /* GoogleService-Info.plist in Resources */,
				08100DAE2CDE1813008B5E45 /* DrukWide-Bold.otf in Resources */,
				08100DAF2CDE1813008B5E45 /* DrukTextWide-Bold.otf in Resources */,
			);
			runOnlyForDeploymentPostprocessing = 0;
		};
/* End PBXResourcesBuildPhase section */

/* Begin PBXSourcesBuildPhase section */
		08E18EFA2CDDF634009CE090 /* Sources */ = {
			isa = PBXSourcesBuildPhase;
			buildActionMask = 2147483647;
			files = (
				08100DB32CDE1B24008B5E45 /* Extension+UIView.swift in Sources */,
				08100DAB2CDE11DB008B5E45 /* Extension+UILabel.swift in Sources */,
				0842C2992CDE2EB40060DDFA /* Extension+CGPoint.swift in Sources */,
				08100DA52CDE10BC008B5E45 /* FontGenerator.swift in Sources */,
				082A00F52CDDFE7200B789ED /* SplashViewController.swift in Sources */,
				08100DA22CDE0FBB008B5E45 /* HomeViewModel.swift in Sources */,
				0842C2A62CDE35D90060DDFA /* ServiceModels.swift in Sources */,
				0842C2B82CDE526C0060DDFA /* Extension+UIImageView.swift in Sources */,
				082A00EF2CDDFE1A00B789ED /* Extension+UIViewController.swift in Sources */,
				082A01022CDE00F200B789ED /* Globals.swift in Sources */,
				08100DA02CDE0FAF008B5E45 /* HomeViewController.swift in Sources */,
				0842C2B02CDE4AC50060DDFA /* MovieCollectionViewCell.swift in Sources */,
				0842C2B32CDE4AFD0060DDFA /* MovieDataSource.swift in Sources */,
				0842C2972CDE2D660060DDFA /* Extension+CACornerMask.swift in Sources */,
				082A00FF2CDE00D100B789ED /* NetworkMonitor.swift in Sources */,
				08100DB72CDE1CD0008B5E45 /* LoadingIcon.swift in Sources */,
				08100D9A2CDE0405008B5E45 /* FirebaseService.swift in Sources */,
				0842C2AB2CDE4A560060DDFA /* Extension+UICollectionView.swift in Sources */,
				0842C2A12CDE31B80060DDFA /* Extension+Notification.Name.swift in Sources */,
				0842C2A32CDE34960060DDFA /* MovieService.swift in Sources */,
				082A00CF2CDDF8DA00B789ED /* AppDelegate.swift in Sources */,
				082A00F72CDDFE8800B789ED /* SplashViewModel.swift in Sources */,
				08100DB12CDE18C0008B5E45 /* Extension+UIColor.swift in Sources */,
				08100DA92CDE10E8008B5E45 /* Enums.swift in Sources */,
				0842C29B2CDE2F870060DDFA /* Extension+UIButton.swift in Sources */,
			);
			runOnlyForDeploymentPostprocessing = 0;
		};
/* End PBXSourcesBuildPhase section */

/* Begin PBXVariantGroup section */
		082A00C52CDDF8DA00B789ED /* LaunchScreen.storyboard */ = {
			isa = PBXVariantGroup;
			children = (
				082A00C42CDDF8DA00B789ED /* Base */,
			);
			name = LaunchScreen.storyboard;
			sourceTree = "<group>";
		};
/* End PBXVariantGroup section */

/* Begin XCBuildConfiguration section */
		08E18F122CDDF635009CE090 /* Debug */ = {
			isa = XCBuildConfiguration;
			buildSettings = {
				ASSETCATALOG_COMPILER_APPICON_NAME = AppIcon;
				ASSETCATALOG_COMPILER_GLOBAL_ACCENT_COLOR_NAME = AccentColor;
				CODE_SIGN_STYLE = Automatic;
				CURRENT_PROJECT_VERSION = 1;
				DEVELOPMENT_TEAM = XSQ8BQ5W8Z;
				GENERATE_INFOPLIST_FILE = YES;
				INFOPLIST_FILE = LoodosChallenge/Info.plist;
				INFOPLIST_KEY_UIApplicationSupportsIndirectInputEvents = YES;
				INFOPLIST_KEY_UILaunchStoryboardName = LaunchScreen;
				INFOPLIST_KEY_UISupportedInterfaceOrientations_iPad = "UIInterfaceOrientationPortrait UIInterfaceOrientationPortraitUpsideDown UIInterfaceOrientationLandscapeLeft UIInterfaceOrientationLandscapeRight";
				INFOPLIST_KEY_UISupportedInterfaceOrientations_iPhone = "UIInterfaceOrientationPortrait UIInterfaceOrientationLandscapeLeft UIInterfaceOrientationLandscapeRight";
				LD_RUNPATH_SEARCH_PATHS = (
					"$(inherited)",
					"@executable_path/Frameworks",
				);
				MARKETING_VERSION = 1.0;
				PRODUCT_BUNDLE_IDENTIFIER = Loodos.LoodosChallenge;
				PRODUCT_NAME = "$(TARGET_NAME)";
				SWIFT_EMIT_LOC_STRINGS = YES;
				SWIFT_VERSION = 5.0;
				TARGETED_DEVICE_FAMILY = "1,2";
			};
			name = Debug;
		};
		08E18F132CDDF635009CE090 /* Release */ = {
			isa = XCBuildConfiguration;
			buildSettings = {
				ASSETCATALOG_COMPILER_APPICON_NAME = AppIcon;
				ASSETCATALOG_COMPILER_GLOBAL_ACCENT_COLOR_NAME = AccentColor;
				CODE_SIGN_STYLE = Automatic;
				CURRENT_PROJECT_VERSION = 1;
				DEVELOPMENT_TEAM = XSQ8BQ5W8Z;
				GENERATE_INFOPLIST_FILE = YES;
				INFOPLIST_FILE = LoodosChallenge/Info.plist;
				INFOPLIST_KEY_UIApplicationSupportsIndirectInputEvents = YES;
				INFOPLIST_KEY_UILaunchStoryboardName = LaunchScreen;
				INFOPLIST_KEY_UISupportedInterfaceOrientations_iPad = "UIInterfaceOrientationPortrait UIInterfaceOrientationPortraitUpsideDown UIInterfaceOrientationLandscapeLeft UIInterfaceOrientationLandscapeRight";
				INFOPLIST_KEY_UISupportedInterfaceOrientations_iPhone = "UIInterfaceOrientationPortrait UIInterfaceOrientationLandscapeLeft UIInterfaceOrientationLandscapeRight";
				LD_RUNPATH_SEARCH_PATHS = (
					"$(inherited)",
					"@executable_path/Frameworks",
				);
				MARKETING_VERSION = 1.0;
				PRODUCT_BUNDLE_IDENTIFIER = Loodos.LoodosChallenge;
				PRODUCT_NAME = "$(TARGET_NAME)";
				SWIFT_EMIT_LOC_STRINGS = YES;
				SWIFT_VERSION = 5.0;
				TARGETED_DEVICE_FAMILY = "1,2";
			};
			name = Release;
		};
		08E18F142CDDF635009CE090 /* Debug */ = {
			isa = XCBuildConfiguration;
			buildSettings = {
				ALWAYS_SEARCH_USER_PATHS = NO;
				ASSETCATALOG_COMPILER_GENERATE_SWIFT_ASSET_SYMBOL_EXTENSIONS = YES;
				CLANG_ANALYZER_NONNULL = YES;
				CLANG_ANALYZER_NUMBER_OBJECT_CONVERSION = YES_AGGRESSIVE;
				CLANG_CXX_LANGUAGE_STANDARD = "gnu++20";
				CLANG_ENABLE_MODULES = YES;
				CLANG_ENABLE_OBJC_ARC = YES;
				CLANG_ENABLE_OBJC_WEAK = YES;
				CLANG_WARN_BLOCK_CAPTURE_AUTORELEASING = YES;
				CLANG_WARN_BOOL_CONVERSION = YES;
				CLANG_WARN_COMMA = YES;
				CLANG_WARN_CONSTANT_CONVERSION = YES;
				CLANG_WARN_DEPRECATED_OBJC_IMPLEMENTATIONS = YES;
				CLANG_WARN_DIRECT_OBJC_ISA_USAGE = YES_ERROR;
				CLANG_WARN_DOCUMENTATION_COMMENTS = YES;
				CLANG_WARN_EMPTY_BODY = YES;
				CLANG_WARN_ENUM_CONVERSION = YES;
				CLANG_WARN_INFINITE_RECURSION = YES;
				CLANG_WARN_INT_CONVERSION = YES;
				CLANG_WARN_NON_LITERAL_NULL_CONVERSION = YES;
				CLANG_WARN_OBJC_IMPLICIT_RETAIN_SELF = YES;
				CLANG_WARN_OBJC_LITERAL_CONVERSION = YES;
				CLANG_WARN_OBJC_ROOT_CLASS = YES_ERROR;
				CLANG_WARN_QUOTED_INCLUDE_IN_FRAMEWORK_HEADER = YES;
				CLANG_WARN_RANGE_LOOP_ANALYSIS = YES;
				CLANG_WARN_STRICT_PROTOTYPES = YES;
				CLANG_WARN_SUSPICIOUS_MOVE = YES;
				CLANG_WARN_UNGUARDED_AVAILABILITY = YES_AGGRESSIVE;
				CLANG_WARN_UNREACHABLE_CODE = YES;
				CLANG_WARN__DUPLICATE_METHOD_MATCH = YES;
				COPY_PHASE_STRIP = NO;
				DEBUG_INFORMATION_FORMAT = dwarf;
				ENABLE_STRICT_OBJC_MSGSEND = YES;
				ENABLE_TESTABILITY = YES;
				ENABLE_USER_SCRIPT_SANDBOXING = YES;
				GCC_C_LANGUAGE_STANDARD = gnu17;
				GCC_DYNAMIC_NO_PIC = NO;
				GCC_NO_COMMON_BLOCKS = YES;
				GCC_OPTIMIZATION_LEVEL = 0;
				GCC_PREPROCESSOR_DEFINITIONS = (
					"DEBUG=1",
					"$(inherited)",
				);
				GCC_WARN_64_TO_32_BIT_CONVERSION = YES;
				GCC_WARN_ABOUT_RETURN_TYPE = YES_ERROR;
				GCC_WARN_UNDECLARED_SELECTOR = YES;
				GCC_WARN_UNINITIALIZED_AUTOS = YES_AGGRESSIVE;
				GCC_WARN_UNUSED_FUNCTION = YES;
				GCC_WARN_UNUSED_VARIABLE = YES;
				IPHONEOS_DEPLOYMENT_TARGET = 18.0;
				LOCALIZATION_PREFERS_STRING_CATALOGS = YES;
				MTL_ENABLE_DEBUG_INFO = INCLUDE_SOURCE;
				MTL_FAST_MATH = YES;
				ONLY_ACTIVE_ARCH = YES;
				SDKROOT = iphoneos;
				SWIFT_ACTIVE_COMPILATION_CONDITIONS = "DEBUG $(inherited)";
				SWIFT_OPTIMIZATION_LEVEL = "-Onone";
			};
			name = Debug;
		};
		08E18F152CDDF635009CE090 /* Release */ = {
			isa = XCBuildConfiguration;
			buildSettings = {
				ALWAYS_SEARCH_USER_PATHS = NO;
				ASSETCATALOG_COMPILER_GENERATE_SWIFT_ASSET_SYMBOL_EXTENSIONS = YES;
				CLANG_ANALYZER_NONNULL = YES;
				CLANG_ANALYZER_NUMBER_OBJECT_CONVERSION = YES_AGGRESSIVE;
				CLANG_CXX_LANGUAGE_STANDARD = "gnu++20";
				CLANG_ENABLE_MODULES = YES;
				CLANG_ENABLE_OBJC_ARC = YES;
				CLANG_ENABLE_OBJC_WEAK = YES;
				CLANG_WARN_BLOCK_CAPTURE_AUTORELEASING = YES;
				CLANG_WARN_BOOL_CONVERSION = YES;
				CLANG_WARN_COMMA = YES;
				CLANG_WARN_CONSTANT_CONVERSION = YES;
				CLANG_WARN_DEPRECATED_OBJC_IMPLEMENTATIONS = YES;
				CLANG_WARN_DIRECT_OBJC_ISA_USAGE = YES_ERROR;
				CLANG_WARN_DOCUMENTATION_COMMENTS = YES;
				CLANG_WARN_EMPTY_BODY = YES;
				CLANG_WARN_ENUM_CONVERSION = YES;
				CLANG_WARN_INFINITE_RECURSION = YES;
				CLANG_WARN_INT_CONVERSION = YES;
				CLANG_WARN_NON_LITERAL_NULL_CONVERSION = YES;
				CLANG_WARN_OBJC_IMPLICIT_RETAIN_SELF = YES;
				CLANG_WARN_OBJC_LITERAL_CONVERSION = YES;
				CLANG_WARN_OBJC_ROOT_CLASS = YES_ERROR;
				CLANG_WARN_QUOTED_INCLUDE_IN_FRAMEWORK_HEADER = YES;
				CLANG_WARN_RANGE_LOOP_ANALYSIS = YES;
				CLANG_WARN_STRICT_PROTOTYPES = YES;
				CLANG_WARN_SUSPICIOUS_MOVE = YES;
				CLANG_WARN_UNGUARDED_AVAILABILITY = YES_AGGRESSIVE;
				CLANG_WARN_UNREACHABLE_CODE = YES;
				CLANG_WARN__DUPLICATE_METHOD_MATCH = YES;
				COPY_PHASE_STRIP = NO;
				DEBUG_INFORMATION_FORMAT = "dwarf-with-dsym";
				ENABLE_NS_ASSERTIONS = NO;
				ENABLE_STRICT_OBJC_MSGSEND = YES;
				ENABLE_USER_SCRIPT_SANDBOXING = YES;
				GCC_C_LANGUAGE_STANDARD = gnu17;
				GCC_NO_COMMON_BLOCKS = YES;
				GCC_WARN_64_TO_32_BIT_CONVERSION = YES;
				GCC_WARN_ABOUT_RETURN_TYPE = YES_ERROR;
				GCC_WARN_UNDECLARED_SELECTOR = YES;
				GCC_WARN_UNINITIALIZED_AUTOS = YES_AGGRESSIVE;
				GCC_WARN_UNUSED_FUNCTION = YES;
				GCC_WARN_UNUSED_VARIABLE = YES;
				IPHONEOS_DEPLOYMENT_TARGET = 18.0;
				LOCALIZATION_PREFERS_STRING_CATALOGS = YES;
				MTL_ENABLE_DEBUG_INFO = NO;
				MTL_FAST_MATH = YES;
				SDKROOT = iphoneos;
				SWIFT_COMPILATION_MODE = wholemodule;
				VALIDATE_PRODUCT = YES;
			};
			name = Release;
		};
/* End XCBuildConfiguration section */

/* Begin XCConfigurationList section */
		08E18EF92CDDF634009CE090 /* Build configuration list for PBXProject "LoodosChallenge" */ = {
			isa = XCConfigurationList;
			buildConfigurations = (
				08E18F142CDDF635009CE090 /* Debug */,
				08E18F152CDDF635009CE090 /* Release */,
			);
			defaultConfigurationIsVisible = 0;
			defaultConfigurationName = Release;
		};
		08E18F112CDDF635009CE090 /* Build configuration list for PBXNativeTarget "LoodosChallenge" */ = {
			isa = XCConfigurationList;
			buildConfigurations = (
				08E18F122CDDF635009CE090 /* Debug */,
				08E18F132CDDF635009CE090 /* Release */,
			);
			defaultConfigurationIsVisible = 0;
			defaultConfigurationName = Release;
		};
/* End XCConfigurationList section */

/* Begin XCRemoteSwiftPackageReference section */
		082A00D72CDDFC4300B789ED /* XCRemoteSwiftPackageReference "firebase-ios-sdk" */ = {
			isa = XCRemoteSwiftPackageReference;
			repositoryURL = "https://github.com/firebase/firebase-ios-sdk";
			requirement = {
				kind = upToNextMajorVersion;
				minimumVersion = 11.4.0;
			};
		};
		082A00F82CDDFFEC00B789ED /* XCRemoteSwiftPackageReference "SnapKit" */ = {
			isa = XCRemoteSwiftPackageReference;
			repositoryURL = "https://github.com/SnapKit/SnapKit.git";
			requirement = {
				kind = upToNextMajorVersion;
				minimumVersion = 5.7.1;
			};
		};
		0842C2A72CDE38B40060DDFA /* XCRemoteSwiftPackageReference "Alamofire" */ = {
			isa = XCRemoteSwiftPackageReference;
			repositoryURL = "https://github.com/Alamofire/Alamofire.git";
			requirement = {
				kind = upToNextMajorVersion;
				minimumVersion = 5.10.1;
			};
		};
		0842C2B42CDE525F0060DDFA /* XCRemoteSwiftPackageReference "SDWebImage" */ = {
			isa = XCRemoteSwiftPackageReference;
			repositoryURL = "https://github.com/SDWebImage/SDWebImage.git";
			requirement = {
				kind = upToNextMajorVersion;
				minimumVersion = 5.20.0;
			};
		};
/* End XCRemoteSwiftPackageReference section */

/* Begin XCSwiftPackageProductDependency section */
		082A00D82CDDFC4300B789ED /* FirebaseAnalytics */ = {
			isa = XCSwiftPackageProductDependency;
			package = 082A00D72CDDFC4300B789ED /* XCRemoteSwiftPackageReference "firebase-ios-sdk" */;
			productName = FirebaseAnalytics;
		};
		082A00DA2CDDFC4300B789ED /* FirebaseAuth */ = {
			isa = XCSwiftPackageProductDependency;
			package = 082A00D72CDDFC4300B789ED /* XCRemoteSwiftPackageReference "firebase-ios-sdk" */;
			productName = FirebaseAuth;
		};
		082A00DC2CDDFC4300B789ED /* FirebaseCore */ = {
			isa = XCSwiftPackageProductDependency;
			package = 082A00D72CDDFC4300B789ED /* XCRemoteSwiftPackageReference "firebase-ios-sdk" */;
			productName = FirebaseCore;
		};
		082A00DE2CDDFC4300B789ED /* FirebaseCrashlytics */ = {
			isa = XCSwiftPackageProductDependency;
			package = 082A00D72CDDFC4300B789ED /* XCRemoteSwiftPackageReference "firebase-ios-sdk" */;
			productName = FirebaseCrashlytics;
		};
		082A00E02CDDFC4300B789ED /* FirebaseDatabase */ = {
			isa = XCSwiftPackageProductDependency;
			package = 082A00D72CDDFC4300B789ED /* XCRemoteSwiftPackageReference "firebase-ios-sdk" */;
			productName = FirebaseDatabase;
		};
		082A00E22CDDFC4300B789ED /* FirebaseFirestore */ = {
			isa = XCSwiftPackageProductDependency;
			package = 082A00D72CDDFC4300B789ED /* XCRemoteSwiftPackageReference "firebase-ios-sdk" */;
			productName = FirebaseFirestore;
		};
		082A00E42CDDFC4300B789ED /* FirebaseMessaging */ = {
			isa = XCSwiftPackageProductDependency;
			package = 082A00D72CDDFC4300B789ED /* XCRemoteSwiftPackageReference "firebase-ios-sdk" */;
			productName = FirebaseMessaging;
		};
		082A00E62CDDFC4300B789ED /* FirebasePerformance */ = {
			isa = XCSwiftPackageProductDependency;
			package = 082A00D72CDDFC4300B789ED /* XCRemoteSwiftPackageReference "firebase-ios-sdk" */;
			productName = FirebasePerformance;
		};
		082A00E82CDDFC4300B789ED /* FirebaseRemoteConfig */ = {
			isa = XCSwiftPackageProductDependency;
			package = 082A00D72CDDFC4300B789ED /* XCRemoteSwiftPackageReference "firebase-ios-sdk" */;
			productName = FirebaseRemoteConfig;
		};
		082A00EA2CDDFC4300B789ED /* FirebaseStorage */ = {
			isa = XCSwiftPackageProductDependency;
			package = 082A00D72CDDFC4300B789ED /* XCRemoteSwiftPackageReference "firebase-ios-sdk" */;
			productName = FirebaseStorage;
		};
		082A00F92CDDFFEC00B789ED /* SnapKit */ = {
			isa = XCSwiftPackageProductDependency;
			package = 082A00F82CDDFFEC00B789ED /* XCRemoteSwiftPackageReference "SnapKit" */;
			productName = SnapKit;
		};
		0842C2A82CDE38B40060DDFA /* Alamofire */ = {
			isa = XCSwiftPackageProductDependency;
			package = 0842C2A72CDE38B40060DDFA /* XCRemoteSwiftPackageReference "Alamofire" */;
			productName = Alamofire;
		};
		0842C2B52CDE525F0060DDFA /* SDWebImage */ = {
			isa = XCSwiftPackageProductDependency;
			package = 0842C2B42CDE525F0060DDFA /* XCRemoteSwiftPackageReference "SDWebImage" */;
			productName = SDWebImage;
		};
/* End XCSwiftPackageProductDependency section */
	};
	rootObject = 08E18EF62CDDF634009CE090 /* Project object */;
}
